// !$*UTF8*$!
{
	archiveVersion = 1;
	classes = {
	};
	objectVersion = 56;
	objects = {

/* Begin PBXBuildFile section */
		C604CCA92AB32335006D8606 /* DetailScreen.storyboard in Resources */ = {isa = PBXBuildFile; fileRef = C604CCA82AB32335006D8606 /* DetailScreen.storyboard */; };
		C604CCAB2AB323D0006D8606 /* Main.storyboard in Resources */ = {isa = PBXBuildFile; fileRef = C604CCAA2AB323D0006D8606 /* Main.storyboard */; };
		C643384C2AAE166700D70786 /* Kingfisher in Frameworks */ = {isa = PBXBuildFile; productRef = C643384B2AAE166700D70786 /* Kingfisher */; };
		C643384E2AAE1DDB00D70786 /* SortType.swift in Sources */ = {isa = PBXBuildFile; fileRef = C643384D2AAE1DDB00D70786 /* SortType.swift */; };
		C65DE60F2AB100500047D0B3 /* ExpandableCellStorage.swift in Sources */ = {isa = PBXBuildFile; fileRef = C65DE60E2AB100500047D0B3 /* ExpandableCellStorage.swift */; };
		C66CB0BD2AAF94C1007F178D /* DateExtensions.swift in Sources */ = {isa = PBXBuildFile; fileRef = C66CB0BC2AAF94C1007F178D /* DateExtensions.swift */; };
		C66CB0C22AAF9A74007F178D /* LabelExtensions.swift in Sources */ = {isa = PBXBuildFile; fileRef = C66CB0C12AAF9A74007F178D /* LabelExtensions.swift */; };
		C66CB0C42AAF9DF0007F178D /* DownloadImageController.swift in Sources */ = {isa = PBXBuildFile; fileRef = C66CB0C32AAF9DF0007F178D /* DownloadImageController.swift */; };
		C682454D2AA476AD000A4431 /* FilterViewController.swift in Sources */ = {isa = PBXBuildFile; fileRef = C682454C2AA476AD000A4431 /* FilterViewController.swift */; };
		C688A49B2AB489A700766424 /* NetErrorViewControllerDelegate.swift in Sources */ = {isa = PBXBuildFile; fileRef = C688A49A2AB489A700766424 /* NetErrorViewControllerDelegate.swift */; };
		C68EBA6C2AAFA40E00E5CA02 /* Constants.swift in Sources */ = {isa = PBXBuildFile; fileRef = C68EBA6B2AAFA40E00E5CA02 /* Constants.swift */; };
		C69E81A32AA1031100D1060E /* CustomCell.swift in Sources */ = {isa = PBXBuildFile; fileRef = C69E81A12AA1031100D1060E /* CustomCell.swift */; };
		C69E81A42AA1031100D1060E /* CustomCell.xib in Resources */ = {isa = PBXBuildFile; fileRef = C69E81A22AA1031100D1060E /* CustomCell.xib */; };
		C69E81A72AA10D5500D1060E /* NetworkController.swift in Sources */ = {isa = PBXBuildFile; fileRef = C69E81A62AA10D5500D1060E /* NetworkController.swift */; };
		C69E81A92AA110E800D1060E /* PostFeed.swift in Sources */ = {isa = PBXBuildFile; fileRef = C69E81A82AA110E800D1060E /* PostFeed.swift */; };
		C6A20D722AA23CA700C333D8 /* DetailViewController.swift in Sources */ = {isa = PBXBuildFile; fileRef = C6A20D712AA23CA700C333D8 /* DetailViewController.swift */; };
		C6A20D742AA240AD00C333D8 /* PostFeedDetail.swift in Sources */ = {isa = PBXBuildFile; fileRef = C6A20D732AA240AD00C333D8 /* PostFeedDetail.swift */; };
		C6A259562AB39354009F1540 /* PostFeedDTO.swift in Sources */ = {isa = PBXBuildFile; fileRef = C6A259552AB39354009F1540 /* PostFeedDTO.swift */; };
		C6A259582AB395D9009F1540 /* PostsFetch.swift in Sources */ = {isa = PBXBuildFile; fileRef = C6A259572AB395D9009F1540 /* PostsFetch.swift */; };
		C6A2595A2AB39720009F1540 /* PostsDetailFetch.swift in Sources */ = {isa = PBXBuildFile; fileRef = C6A259592AB39720009F1540 /* PostsDetailFetch.swift */; };
		C6A2595D2AB39868009F1540 /* PostFeedDetailDTO.swift in Sources */ = {isa = PBXBuildFile; fileRef = C6A2595C2AB39868009F1540 /* PostFeedDetailDTO.swift */; };
		C6B4D1902AA05F8F002C3AB4 /* AppDelegate.swift in Sources */ = {isa = PBXBuildFile; fileRef = C6B4D18F2AA05F8F002C3AB4 /* AppDelegate.swift */; };
		C6B4D1922AA05F8F002C3AB4 /* SceneDelegate.swift in Sources */ = {isa = PBXBuildFile; fileRef = C6B4D1912AA05F8F002C3AB4 /* SceneDelegate.swift */; };
		C6B4D1942AA05F8F002C3AB4 /* ViewController.swift in Sources */ = {isa = PBXBuildFile; fileRef = C6B4D1932AA05F8F002C3AB4 /* ViewController.swift */; };
		C6B4D1992AA05F90002C3AB4 /* Assets.xcassets in Resources */ = {isa = PBXBuildFile; fileRef = C6B4D1982AA05F90002C3AB4 /* Assets.xcassets */; };
		C6B4D19C2AA05F90002C3AB4 /* LaunchScreen.storyboard in Resources */ = {isa = PBXBuildFile; fileRef = C6B4D19A2AA05F90002C3AB4 /* LaunchScreen.storyboard */; };
		C6BE01FD2AB4373F005E4184 /* NetErrorScreen.storyboard in Resources */ = {isa = PBXBuildFile; fileRef = C6BE01FC2AB4373F005E4184 /* NetErrorScreen.storyboard */; };
		C6BE01FF2AB4375A005E4184 /* NetErrorViewController.swift in Sources */ = {isa = PBXBuildFile; fileRef = C6BE01FE2AB4375A005E4184 /* NetErrorViewController.swift */; };
/* End PBXBuildFile section */

/* Begin PBXFileReference section */
		C604CCA82AB32335006D8606 /* DetailScreen.storyboard */ = {isa = PBXFileReference; lastKnownFileType = file.storyboard; path = DetailScreen.storyboard; sourceTree = "<group>"; };
		C604CCAA2AB323D0006D8606 /* Main.storyboard */ = {isa = PBXFileReference; fileEncoding = 4; lastKnownFileType = file.storyboard; path = Main.storyboard; sourceTree = "<group>"; };
		C643384D2AAE1DDB00D70786 /* SortType.swift */ = {isa = PBXFileReference; lastKnownFileType = sourcecode.swift; path = SortType.swift; sourceTree = "<group>"; };
		C65DE60E2AB100500047D0B3 /* ExpandableCellStorage.swift */ = {isa = PBXFileReference; lastKnownFileType = sourcecode.swift; path = ExpandableCellStorage.swift; sourceTree = "<group>"; };
		C66CB0BC2AAF94C1007F178D /* DateExtensions.swift */ = {isa = PBXFileReference; lastKnownFileType = sourcecode.swift; path = DateExtensions.swift; sourceTree = "<group>"; };
		C66CB0C12AAF9A74007F178D /* LabelExtensions.swift */ = {isa = PBXFileReference; lastKnownFileType = sourcecode.swift; path = LabelExtensions.swift; sourceTree = "<group>"; };
		C66CB0C32AAF9DF0007F178D /* DownloadImageController.swift */ = {isa = PBXFileReference; lastKnownFileType = sourcecode.swift; path = DownloadImageController.swift; sourceTree = "<group>"; };
		C682454C2AA476AD000A4431 /* FilterViewController.swift */ = {isa = PBXFileReference; lastKnownFileType = sourcecode.swift; path = FilterViewController.swift; sourceTree = "<group>"; };
		C688A49A2AB489A700766424 /* NetErrorViewControllerDelegate.swift */ = {isa = PBXFileReference; lastKnownFileType = sourcecode.swift; path = NetErrorViewControllerDelegate.swift; sourceTree = "<group>"; };
		C68EBA6B2AAFA40E00E5CA02 /* Constants.swift */ = {isa = PBXFileReference; lastKnownFileType = sourcecode.swift; path = Constants.swift; sourceTree = "<group>"; };
		C69E81A12AA1031100D1060E /* CustomCell.swift */ = {isa = PBXFileReference; lastKnownFileType = sourcecode.swift; path = CustomCell.swift; sourceTree = "<group>"; };
		C69E81A22AA1031100D1060E /* CustomCell.xib */ = {isa = PBXFileReference; lastKnownFileType = file.xib; path = CustomCell.xib; sourceTree = "<group>"; };
		C69E81A62AA10D5500D1060E /* NetworkController.swift */ = {isa = PBXFileReference; lastKnownFileType = sourcecode.swift; path = NetworkController.swift; sourceTree = "<group>"; };
		C69E81A82AA110E800D1060E /* PostFeed.swift */ = {isa = PBXFileReference; lastKnownFileType = sourcecode.swift; path = PostFeed.swift; sourceTree = "<group>"; };
		C6A20D712AA23CA700C333D8 /* DetailViewController.swift */ = {isa = PBXFileReference; lastKnownFileType = sourcecode.swift; path = DetailViewController.swift; sourceTree = "<group>"; };
		C6A20D732AA240AD00C333D8 /* PostFeedDetail.swift */ = {isa = PBXFileReference; lastKnownFileType = sourcecode.swift; path = PostFeedDetail.swift; sourceTree = "<group>"; };
		C6A259552AB39354009F1540 /* PostFeedDTO.swift */ = {isa = PBXFileReference; lastKnownFileType = sourcecode.swift; path = PostFeedDTO.swift; sourceTree = "<group>"; };
		C6A259572AB395D9009F1540 /* PostsFetch.swift */ = {isa = PBXFileReference; lastKnownFileType = sourcecode.swift; path = PostsFetch.swift; sourceTree = "<group>"; };
		C6A259592AB39720009F1540 /* PostsDetailFetch.swift */ = {isa = PBXFileReference; lastKnownFileType = sourcecode.swift; path = PostsDetailFetch.swift; sourceTree = "<group>"; };
		C6A2595C2AB39868009F1540 /* PostFeedDetailDTO.swift */ = {isa = PBXFileReference; lastKnownFileType = sourcecode.swift; path = PostFeedDetailDTO.swift; sourceTree = "<group>"; };
		C6B4D18C2AA05F8F002C3AB4 /* PostFeedApp.app */ = {isa = PBXFileReference; explicitFileType = wrapper.application; includeInIndex = 0; path = PostFeedApp.app; sourceTree = BUILT_PRODUCTS_DIR; };
		C6B4D18F2AA05F8F002C3AB4 /* AppDelegate.swift */ = {isa = PBXFileReference; lastKnownFileType = sourcecode.swift; path = AppDelegate.swift; sourceTree = "<group>"; };
		C6B4D1912AA05F8F002C3AB4 /* SceneDelegate.swift */ = {isa = PBXFileReference; lastKnownFileType = sourcecode.swift; path = SceneDelegate.swift; sourceTree = "<group>"; };
		C6B4D1932AA05F8F002C3AB4 /* ViewController.swift */ = {isa = PBXFileReference; lastKnownFileType = sourcecode.swift; path = ViewController.swift; sourceTree = "<group>"; };
		C6B4D1982AA05F90002C3AB4 /* Assets.xcassets */ = {isa = PBXFileReference; lastKnownFileType = folder.assetcatalog; path = Assets.xcassets; sourceTree = "<group>"; };
		C6B4D19B2AA05F90002C3AB4 /* Base */ = {isa = PBXFileReference; lastKnownFileType = file.storyboard; name = Base; path = Base.lproj/LaunchScreen.storyboard; sourceTree = "<group>"; };
		C6B4D19D2AA05F90002C3AB4 /* Info.plist */ = {isa = PBXFileReference; lastKnownFileType = text.plist.xml; path = Info.plist; sourceTree = "<group>"; };
		C6BE01FC2AB4373F005E4184 /* NetErrorScreen.storyboard */ = {isa = PBXFileReference; lastKnownFileType = file.storyboard; path = NetErrorScreen.storyboard; sourceTree = "<group>"; };
		C6BE01FE2AB4375A005E4184 /* NetErrorViewController.swift */ = {isa = PBXFileReference; lastKnownFileType = sourcecode.swift; path = NetErrorViewController.swift; sourceTree = "<group>"; };
/* End PBXFileReference section */

/* Begin PBXFrameworksBuildPhase section */
		C6B4D1892AA05F8F002C3AB4 /* Frameworks */ = {
			isa = PBXFrameworksBuildPhase;
			buildActionMask = 2147483647;
			files = (
				C643384C2AAE166700D70786 /* Kingfisher in Frameworks */,
			);
			runOnlyForDeploymentPostprocessing = 0;
		};
/* End PBXFrameworksBuildPhase section */

/* Begin PBXGroup section */
		C643384F2AAE1EFA00D70786 /* Model */ = {
			isa = PBXGroup;
			children = (
				C69E81A82AA110E800D1060E /* PostFeed.swift */,
				C6A20D732AA240AD00C333D8 /* PostFeedDetail.swift */,
				C643384D2AAE1DDB00D70786 /* SortType.swift */,
			);
			path = Model;
			sourceTree = "<group>";
		};
		C66CB0BE2AAF95C8007F178D /* Helpers */ = {
			isa = PBXGroup;
			children = (
				C66CB0BC2AAF94C1007F178D /* DateExtensions.swift */,
				C66CB0C12AAF9A74007F178D /* LabelExtensions.swift */,
				C68EBA6B2AAFA40E00E5CA02 /* Constants.swift */,
			);
			path = Helpers;
			sourceTree = "<group>";
		};
		C69E81A02AA102E100D1060E /* CustomCells */ = {
			isa = PBXGroup;
			children = (
				C69E81A12AA1031100D1060E /* CustomCell.swift */,
				C69E81A22AA1031100D1060E /* CustomCell.xib */,
			);
			path = CustomCells;
			sourceTree = "<group>";
		};
		C69E81A52AA10D4900D1060E /* Services */ = {
			isa = PBXGroup;
			children = (
				C6A2595B2AB397D2009F1540 /* DTO */,
				C69E81A62AA10D5500D1060E /* NetworkController.swift */,
				C66CB0C32AAF9DF0007F178D /* DownloadImageController.swift */,
				C65DE60E2AB100500047D0B3 /* ExpandableCellStorage.swift */,
				C6A259572AB395D9009F1540 /* PostsFetch.swift */,
				C6A259592AB39720009F1540 /* PostsDetailFetch.swift */,
			);
			path = Services;
			sourceTree = "<group>";
		};
		C6A20D6E2AA23C4800C333D8 /* Screens */ = {
			isa = PBXGroup;
			children = (
				C6BE01FB2AB436FD005E4184 /* NetErrorController */,
				C6A259542AB3638E009F1540 /* FilterViewController */,
				C6A259532AB3636C009F1540 /* DetailViewController */,
				C6A259522AB3634D009F1540 /* ViewController */,
			);
			path = Screens;
			sourceTree = "<group>";
		};
		C6A259522AB3634D009F1540 /* ViewController */ = {
			isa = PBXGroup;
			children = (
				C6B4D1932AA05F8F002C3AB4 /* ViewController.swift */,
				C604CCAA2AB323D0006D8606 /* Main.storyboard */,
			);
			path = ViewController;
			sourceTree = "<group>";
		};
		C6A259532AB3636C009F1540 /* DetailViewController */ = {
			isa = PBXGroup;
			children = (
				C6A20D712AA23CA700C333D8 /* DetailViewController.swift */,
				C604CCA82AB32335006D8606 /* DetailScreen.storyboard */,
			);
			path = DetailViewController;
			sourceTree = "<group>";
		};
		C6A259542AB3638E009F1540 /* FilterViewController */ = {
			isa = PBXGroup;
			children = (
				C682454C2AA476AD000A4431 /* FilterViewController.swift */,
			);
			path = FilterViewController;
			sourceTree = "<group>";
		};
		C6A2595B2AB397D2009F1540 /* DTO */ = {
			isa = PBXGroup;
			children = (
				C6A259552AB39354009F1540 /* PostFeedDTO.swift */,
				C6A2595C2AB39868009F1540 /* PostFeedDetailDTO.swift */,
			);
			path = DTO;
			sourceTree = "<group>";
		};
		C6B4D1832AA05F8E002C3AB4 = {
			isa = PBXGroup;
			children = (
				C6B4D18E2AA05F8F002C3AB4 /* PostFeedApp */,
				C6B4D18D2AA05F8F002C3AB4 /* Products */,
			);
			sourceTree = "<group>";
		};
		C6B4D18D2AA05F8F002C3AB4 /* Products */ = {
			isa = PBXGroup;
			children = (
				C6B4D18C2AA05F8F002C3AB4 /* PostFeedApp.app */,
			);
			name = Products;
			sourceTree = "<group>";
		};
		C6B4D18E2AA05F8F002C3AB4 /* PostFeedApp */ = {
			isa = PBXGroup;
			children = (
				C66CB0BE2AAF95C8007F178D /* Helpers */,
				C643384F2AAE1EFA00D70786 /* Model */,
				C6A20D6E2AA23C4800C333D8 /* Screens */,
				C69E81A52AA10D4900D1060E /* Services */,
				C69E81A02AA102E100D1060E /* CustomCells */,
				C6B4D18F2AA05F8F002C3AB4 /* AppDelegate.swift */,
				C6B4D1912AA05F8F002C3AB4 /* SceneDelegate.swift */,
				C6B4D1982AA05F90002C3AB4 /* Assets.xcassets */,
				C6B4D19A2AA05F90002C3AB4 /* LaunchScreen.storyboard */,
				C6B4D19D2AA05F90002C3AB4 /* Info.plist */,
			);
			path = PostFeedApp;
			sourceTree = "<group>";
		};
		C6BE01FB2AB436FD005E4184 /* NetErrorController */ = {
			isa = PBXGroup;
			children = (
				C6BE01FC2AB4373F005E4184 /* NetErrorScreen.storyboard */,
				C6BE01FE2AB4375A005E4184 /* NetErrorViewController.swift */,
				C688A49A2AB489A700766424 /* NetErrorViewControllerDelegate.swift */,
			);
			path = NetErrorController;
			sourceTree = "<group>";
		};
/* End PBXGroup section */

/* Begin PBXNativeTarget section */
		C6B4D18B2AA05F8F002C3AB4 /* PostFeedApp */ = {
			isa = PBXNativeTarget;
			buildConfigurationList = C6B4D1A02AA05F90002C3AB4 /* Build configuration list for PBXNativeTarget "PostFeedApp" */;
			buildPhases = (
				C6B4D1882AA05F8F002C3AB4 /* Sources */,
				C6B4D1892AA05F8F002C3AB4 /* Frameworks */,
				C6B4D18A2AA05F8F002C3AB4 /* Resources */,
			);
			buildRules = (
			);
			dependencies = (
			);
			name = PostFeedApp;
			packageProductDependencies = (
				C643384B2AAE166700D70786 /* Kingfisher */,
			);
			productName = PostFeedApp;
			productReference = C6B4D18C2AA05F8F002C3AB4 /* PostFeedApp.app */;
			productType = "com.apple.product-type.application";
		};
/* End PBXNativeTarget section */

/* Begin PBXProject section */
		C6B4D1842AA05F8E002C3AB4 /* Project object */ = {
			isa = PBXProject;
			attributes = {
				BuildIndependentTargetsInParallel = 1;
				LastSwiftUpdateCheck = 1430;
				LastUpgradeCheck = 1430;
				TargetAttributes = {
					C6B4D18B2AA05F8F002C3AB4 = {
						CreatedOnToolsVersion = 14.3.1;
					};
				};
			};
			buildConfigurationList = C6B4D1872AA05F8E002C3AB4 /* Build configuration list for PBXProject "PostFeedApp" */;
			compatibilityVersion = "Xcode 14.0";
			developmentRegion = en;
			hasScannedForEncodings = 0;
			knownRegions = (
				en,
				Base,
			);
			mainGroup = C6B4D1832AA05F8E002C3AB4;
			packageReferences = (
				C643384A2AAE166700D70786 /* XCRemoteSwiftPackageReference "Kingfisher" */,
			);
			productRefGroup = C6B4D18D2AA05F8F002C3AB4 /* Products */;
			projectDirPath = "";
			projectRoot = "";
			targets = (
				C6B4D18B2AA05F8F002C3AB4 /* PostFeedApp */,
			);
		};
/* End PBXProject section */

/* Begin PBXResourcesBuildPhase section */
		C6B4D18A2AA05F8F002C3AB4 /* Resources */ = {
			isa = PBXResourcesBuildPhase;
			buildActionMask = 2147483647;
			files = (
				C6B4D19C2AA05F90002C3AB4 /* LaunchScreen.storyboard in Resources */,
				C604CCAB2AB323D0006D8606 /* Main.storyboard in Resources */,
				C6B4D1992AA05F90002C3AB4 /* Assets.xcassets in Resources */,
				C604CCA92AB32335006D8606 /* DetailScreen.storyboard in Resources */,
				C6BE01FD2AB4373F005E4184 /* NetErrorScreen.storyboard in Resources */,
				C69E81A42AA1031100D1060E /* CustomCell.xib in Resources */,
			);
			runOnlyForDeploymentPostprocessing = 0;
		};
/* End PBXResourcesBuildPhase section */

/* Begin PBXSourcesBuildPhase section */
		C6B4D1882AA05F8F002C3AB4 /* Sources */ = {
			isa = PBXSourcesBuildPhase;
			buildActionMask = 2147483647;
			files = (
				C69E81A72AA10D5500D1060E /* NetworkController.swift in Sources */,
				C6A2595A2AB39720009F1540 /* PostsDetailFetch.swift in Sources */,
				C69E81A92AA110E800D1060E /* PostFeed.swift in Sources */,
				C6B4D1942AA05F8F002C3AB4 /* ViewController.swift in Sources */,
				C643384E2AAE1DDB00D70786 /* SortType.swift in Sources */,
				C6B4D1902AA05F8F002C3AB4 /* AppDelegate.swift in Sources */,
				C6A20D742AA240AD00C333D8 /* PostFeedDetail.swift in Sources */,
				C65DE60F2AB100500047D0B3 /* ExpandableCellStorage.swift in Sources */,
				C69E81A32AA1031100D1060E /* CustomCell.swift in Sources */,
				C6A2595D2AB39868009F1540 /* PostFeedDetailDTO.swift in Sources */,
				C682454D2AA476AD000A4431 /* FilterViewController.swift in Sources */,
				C688A49B2AB489A700766424 /* NetErrorViewControllerDelegate.swift in Sources */,
				C66CB0C42AAF9DF0007F178D /* DownloadImageController.swift in Sources */,
				C66CB0C22AAF9A74007F178D /* LabelExtensions.swift in Sources */,
				C6B4D1922AA05F8F002C3AB4 /* SceneDelegate.swift in Sources */,
				C6A259582AB395D9009F1540 /* PostsFetch.swift in Sources */,
				C68EBA6C2AAFA40E00E5CA02 /* Constants.swift in Sources */,
				C6A259562AB39354009F1540 /* PostFeedDTO.swift in Sources */,
				C6A20D722AA23CA700C333D8 /* DetailViewController.swift in Sources */,
				C66CB0BD2AAF94C1007F178D /* DateExtensions.swift in Sources */,
				C6BE01FF2AB4375A005E4184 /* NetErrorViewController.swift in Sources */,
			);
			runOnlyForDeploymentPostprocessing = 0;
		};
/* End PBXSourcesBuildPhase section */

/* Begin PBXVariantGroup section */
		C6B4D19A2AA05F90002C3AB4 /* LaunchScreen.storyboard */ = {
			isa = PBXVariantGroup;
			children = (
				C6B4D19B2AA05F90002C3AB4 /* Base */,
			);
			name = LaunchScreen.storyboard;
			sourceTree = "<group>";
		};
/* End PBXVariantGroup section */

/* Begin XCBuildConfiguration section */
		C6B4D19E2AA05F90002C3AB4 /* Debug */ = {
			isa = XCBuildConfiguration;
			buildSettings = {
				ALWAYS_SEARCH_USER_PATHS = NO;
				CLANG_ANALYZER_NONNULL = YES;
				CLANG_ANALYZER_NUMBER_OBJECT_CONVERSION = YES_AGGRESSIVE;
				CLANG_CXX_LANGUAGE_STANDARD = "gnu++20";
				CLANG_ENABLE_MODULES = YES;
				CLANG_ENABLE_OBJC_ARC = YES;
				CLANG_ENABLE_OBJC_WEAK = YES;
				CLANG_WARN_BLOCK_CAPTURE_AUTORELEASING = YES;
				CLANG_WARN_BOOL_CONVERSION = YES;
				CLANG_WARN_COMMA = YES;
				CLANG_WARN_CONSTANT_CONVERSION = YES;
				CLANG_WARN_DEPRECATED_OBJC_IMPLEMENTATIONS = YES;
				CLANG_WARN_DIRECT_OBJC_ISA_USAGE = YES_ERROR;
				CLANG_WARN_DOCUMENTATION_COMMENTS = YES;
				CLANG_WARN_EMPTY_BODY = YES;
				CLANG_WARN_ENUM_CONVERSION = YES;
				CLANG_WARN_INFINITE_RECURSION = YES;
				CLANG_WARN_INT_CONVERSION = YES;
				CLANG_WARN_NON_LITERAL_NULL_CONVERSION = YES;
				CLANG_WARN_OBJC_IMPLICIT_RETAIN_SELF = YES;
				CLANG_WARN_OBJC_LITERAL_CONVERSION = YES;
				CLANG_WARN_OBJC_ROOT_CLASS = YES_ERROR;
				CLANG_WARN_QUOTED_INCLUDE_IN_FRAMEWORK_HEADER = YES;
				CLANG_WARN_RANGE_LOOP_ANALYSIS = YES;
				CLANG_WARN_STRICT_PROTOTYPES = YES;
				CLANG_WARN_SUSPICIOUS_MOVE = YES;
				CLANG_WARN_UNGUARDED_AVAILABILITY = YES_AGGRESSIVE;
				CLANG_WARN_UNREACHABLE_CODE = YES;
				CLANG_WARN__DUPLICATE_METHOD_MATCH = YES;
				COPY_PHASE_STRIP = NO;
				DEBUG_INFORMATION_FORMAT = dwarf;
				ENABLE_STRICT_OBJC_MSGSEND = YES;
				ENABLE_TESTABILITY = YES;
				GCC_C_LANGUAGE_STANDARD = gnu11;
				GCC_DYNAMIC_NO_PIC = NO;
				GCC_NO_COMMON_BLOCKS = YES;
				GCC_OPTIMIZATION_LEVEL = 0;
				GCC_PREPROCESSOR_DEFINITIONS = (
					"DEBUG=1",
					"$(inherited)",
				);
				GCC_WARN_64_TO_32_BIT_CONVERSION = YES;
				GCC_WARN_ABOUT_RETURN_TYPE = YES_ERROR;
				GCC_WARN_UNDECLARED_SELECTOR = YES;
				GCC_WARN_UNINITIALIZED_AUTOS = YES_AGGRESSIVE;
				GCC_WARN_UNUSED_FUNCTION = YES;
				GCC_WARN_UNUSED_VARIABLE = YES;
				IPHONEOS_DEPLOYMENT_TARGET = 16.4;
				MTL_ENABLE_DEBUG_INFO = INCLUDE_SOURCE;
				MTL_FAST_MATH = YES;
				ONLY_ACTIVE_ARCH = YES;
				SDKROOT = iphoneos;
				SWIFT_ACTIVE_COMPILATION_CONDITIONS = DEBUG;
				SWIFT_OPTIMIZATION_LEVEL = "-Onone";
			};
			name = Debug;
		};
		C6B4D19F2AA05F90002C3AB4 /* Release */ = {
			isa = XCBuildConfiguration;
			buildSettings = {
				ALWAYS_SEARCH_USER_PATHS = NO;
				CLANG_ANALYZER_NONNULL = YES;
				CLANG_ANALYZER_NUMBER_OBJECT_CONVERSION = YES_AGGRESSIVE;
				CLANG_CXX_LANGUAGE_STANDARD = "gnu++20";
				CLANG_ENABLE_MODULES = YES;
				CLANG_ENABLE_OBJC_ARC = YES;
				CLANG_ENABLE_OBJC_WEAK = YES;
				CLANG_WARN_BLOCK_CAPTURE_AUTORELEASING = YES;
				CLANG_WARN_BOOL_CONVERSION = YES;
				CLANG_WARN_COMMA = YES;
				CLANG_WARN_CONSTANT_CONVERSION = YES;
				CLANG_WARN_DEPRECATED_OBJC_IMPLEMENTATIONS = YES;
				CLANG_WARN_DIRECT_OBJC_ISA_USAGE = YES_ERROR;
				CLANG_WARN_DOCUMENTATION_COMMENTS = YES;
				CLANG_WARN_EMPTY_BODY = YES;
				CLANG_WARN_ENUM_CONVERSION = YES;
				CLANG_WARN_INFINITE_RECURSION = YES;
				CLANG_WARN_INT_CONVERSION = YES;
				CLANG_WARN_NON_LITERAL_NULL_CONVERSION = YES;
				CLANG_WARN_OBJC_IMPLICIT_RETAIN_SELF = YES;
				CLANG_WARN_OBJC_LITERAL_CONVERSION = YES;
				CLANG_WARN_OBJC_ROOT_CLASS = YES_ERROR;
				CLANG_WARN_QUOTED_INCLUDE_IN_FRAMEWORK_HEADER = YES;
				CLANG_WARN_RANGE_LOOP_ANALYSIS = YES;
				CLANG_WARN_STRICT_PROTOTYPES = YES;
				CLANG_WARN_SUSPICIOUS_MOVE = YES;
				CLANG_WARN_UNGUARDED_AVAILABILITY = YES_AGGRESSIVE;
				CLANG_WARN_UNREACHABLE_CODE = YES;
				CLANG_WARN__DUPLICATE_METHOD_MATCH = YES;
				COPY_PHASE_STRIP = NO;
				DEBUG_INFORMATION_FORMAT = "dwarf-with-dsym";
				ENABLE_NS_ASSERTIONS = NO;
				ENABLE_STRICT_OBJC_MSGSEND = YES;
				GCC_C_LANGUAGE_STANDARD = gnu11;
				GCC_NO_COMMON_BLOCKS = YES;
				GCC_WARN_64_TO_32_BIT_CONVERSION = YES;
				GCC_WARN_ABOUT_RETURN_TYPE = YES_ERROR;
				GCC_WARN_UNDECLARED_SELECTOR = YES;
				GCC_WARN_UNINITIALIZED_AUTOS = YES_AGGRESSIVE;
				GCC_WARN_UNUSED_FUNCTION = YES;
				GCC_WARN_UNUSED_VARIABLE = YES;
				IPHONEOS_DEPLOYMENT_TARGET = 16.4;
				MTL_ENABLE_DEBUG_INFO = NO;
				MTL_FAST_MATH = YES;
				SDKROOT = iphoneos;
				SWIFT_COMPILATION_MODE = wholemodule;
				SWIFT_OPTIMIZATION_LEVEL = "-O";
				VALIDATE_PRODUCT = YES;
			};
			name = Release;
		};
		C6B4D1A12AA05F90002C3AB4 /* Debug */ = {
			isa = XCBuildConfiguration;
			buildSettings = {
				ASSETCATALOG_COMPILER_APPICON_NAME = AppIcon;
				ASSETCATALOG_COMPILER_GLOBAL_ACCENT_COLOR_NAME = AccentColor;
				CODE_SIGN_STYLE = Automatic;
				CURRENT_PROJECT_VERSION = 1;
				DEVELOPMENT_TEAM = 69M929ZQ47;
				GENERATE_INFOPLIST_FILE = YES;
				INFOPLIST_FILE = PostFeedApp/Info.plist;
				INFOPLIST_KEY_UIApplicationSupportsIndirectInputEvents = YES;
				INFOPLIST_KEY_UILaunchStoryboardName = LaunchScreen;
				INFOPLIST_KEY_UIMainStoryboardFile = Main;
				INFOPLIST_KEY_UISupportedInterfaceOrientations = UIInterfaceOrientationPortrait;
				LD_RUNPATH_SEARCH_PATHS = (
					"$(inherited)",
					"@executable_path/Frameworks",
				);
				MARKETING_VERSION = 1.0;
				PRODUCT_BUNDLE_IDENTIFIER = "com.uk-servers.PostFeedApp";
				PRODUCT_NAME = "$(TARGET_NAME)";
				SWIFT_EMIT_LOC_STRINGS = YES;
				SWIFT_VERSION = 5.0;
				TARGETED_DEVICE_FAMILY = "1,2";
			};
			name = Debug;
		};
		C6B4D1A22AA05F90002C3AB4 /* Release */ = {
			isa = XCBuildConfiguration;
			buildSettings = {
				ASSETCATALOG_COMPILER_APPICON_NAME = AppIcon;
				ASSETCATALOG_COMPILER_GLOBAL_ACCENT_COLOR_NAME = AccentColor;
				CODE_SIGN_STYLE = Automatic;
				CURRENT_PROJECT_VERSION = 1;
				DEVELOPMENT_TEAM = 69M929ZQ47;
				GENERATE_INFOPLIST_FILE = YES;
				INFOPLIST_FILE = PostFeedApp/Info.plist;
				INFOPLIST_KEY_UIApplicationSupportsIndirectInputEvents = YES;
				INFOPLIST_KEY_UILaunchStoryboardName = LaunchScreen;
				INFOPLIST_KEY_UIMainStoryboardFile = Main;
				INFOPLIST_KEY_UISupportedInterfaceOrientations = UIInterfaceOrientationPortrait;
				LD_RUNPATH_SEARCH_PATHS = (
					"$(inherited)",
					"@executable_path/Frameworks",
				);
				MARKETING_VERSION = 1.0;
				PRODUCT_BUNDLE_IDENTIFIER = "com.uk-servers.PostFeedApp";
				PRODUCT_NAME = "$(TARGET_NAME)";
				SWIFT_EMIT_LOC_STRINGS = YES;
				SWIFT_VERSION = 5.0;
				TARGETED_DEVICE_FAMILY = "1,2";
			};
			name = Release;
		};
/* End XCBuildConfiguration section */

/* Begin XCConfigurationList section */
		C6B4D1872AA05F8E002C3AB4 /* Build configuration list for PBXProject "PostFeedApp" */ = {
			isa = XCConfigurationList;
			buildConfigurations = (
				C6B4D19E2AA05F90002C3AB4 /* Debug */,
				C6B4D19F2AA05F90002C3AB4 /* Release */,
			);
			defaultConfigurationIsVisible = 0;
			defaultConfigurationName = Release;
		};
		C6B4D1A02AA05F90002C3AB4 /* Build configuration list for PBXNativeTarget "PostFeedApp" */ = {
			isa = XCConfigurationList;
			buildConfigurations = (
				C6B4D1A12AA05F90002C3AB4 /* Debug */,
				C6B4D1A22AA05F90002C3AB4 /* Release */,
			);
			defaultConfigurationIsVisible = 0;
			defaultConfigurationName = Release;
		};
/* End XCConfigurationList section */

/* Begin XCRemoteSwiftPackageReference section */
		C643384A2AAE166700D70786 /* XCRemoteSwiftPackageReference "Kingfisher" */ = {
			isa = XCRemoteSwiftPackageReference;
			repositoryURL = "https://github.com/onevcat/Kingfisher.git";
			requirement = {
				kind = upToNextMajorVersion;
				minimumVersion = 7.0.0;
			};
		};
/* End XCRemoteSwiftPackageReference section */

/* Begin XCSwiftPackageProductDependency section */
		C643384B2AAE166700D70786 /* Kingfisher */ = {
			isa = XCSwiftPackageProductDependency;
			package = C643384A2AAE166700D70786 /* XCRemoteSwiftPackageReference "Kingfisher" */;
			productName = Kingfisher;
		};
/* End XCSwiftPackageProductDependency section */
	};
	rootObject = C6B4D1842AA05F8E002C3AB4 /* Project object */;
}
